
Microsoft Visual Studio Solution File, Format Version 12.00
# Visual Studio Version 17
VisualStudioVersion = 17.0.31606.5
MinimumVisualStudioVersion = 10.0.40219.1
Project("{9A19103F-16F7-4668-BE54-9A1E7A4F7556}") = "TestProxyMail", "TestProxyMail\TestProxyMail.csproj", "{523E1A06-14A8-4E8F-A79D-CE1E1714A78B}"
EndProject
Project("{FAE04EC0-301F-11D3-BF4B-00C04F79EFBC}") = "Mailer", "Mailer\Mailer.csproj", "{5D447D3D-AF3E-477E-B5C9-D029F2F0EA1E}"
EndProject
Project("{FAE04EC0-301F-11D3-BF4B-00C04F79EFBC}") = "GenericProxy", "GenericProxy\GenericProxy.csproj", "{8EEB2883-C101-4F70-913E-3662E012990B}"
EndProject
Project("{FAE04EC0-301F-11D3-BF4B-00C04F79EFBC}") = "EchoServer", "EchoServer\EchoServer.csproj", "{E5B78670-461F-4CB9-B3DA-A8C7AD932875}"
EndProject
Project("{FAE04EC0-301F-11D3-BF4B-00C04F79EFBC}") = "ClientTester", "ClientTester\ClientTester.csproj", "{A51DF7C8-136C-404A-909F-4E4C6159C72E}"
EndProject
Project("{FAE04EC0-301F-11D3-BF4B-00C04F79EFBC}") = "ProxyConsole", "ProxyConsole\ProxyConsole.csproj", "{C4437DC1-6D23-4E06-8E1D-161463BAD6D9}"
EndProject
Global
	GlobalSection(SolutionConfigurationPlatforms) = preSolution
		Debug|Any CPU = Debug|Any CPU
		Release|Any CPU = Release|Any CPU
	EndGlobalSection
	GlobalSection(ProjectConfigurationPlatforms) = postSolution
		{523E1A06-14A8-4E8F-A79D-CE1E1714A78B}.Debug|Any CPU.ActiveCfg = Debug|Any CPU
		{523E1A06-14A8-4E8F-A79D-CE1E1714A78B}.Debug|Any CPU.Build.0 = Debug|Any CPU
		{523E1A06-14A8-4E8F-A79D-CE1E1714A78B}.Release|Any CPU.ActiveCfg = Release|Any CPU
		{523E1A06-14A8-4E8F-A79D-CE1E1714A78B}.Release|Any CPU.Build.0 = Release|Any CPU
		{5D447D3D-AF3E-477E-B5C9-D029F2F0EA1E}.Debug|Any CPU.ActiveCfg = Debug|Any CPU
		{5D447D3D-AF3E-477E-B5C9-D029F2F0EA1E}.Debug|Any CPU.Build.0 = Debug|Any CPU
		{5D447D3D-AF3E-477E-B5C9-D029F2F0EA1E}.Release|Any CPU.ActiveCfg = Release|Any CPU
		{5D447D3D-AF3E-477E-B5C9-D029F2F0EA1E}.Release|Any CPU.Build.0 = Release|Any CPU
		{8EEB2883-C101-4F70-913E-3662E012990B}.Debug|Any CPU.ActiveCfg = Debug|Any CPU
		{8EEB2883-C101-4F70-913E-3662E012990B}.Debug|Any CPU.Build.0 = Debug|Any CPU
		{8EEB2883-C101-4F70-913E-3662E012990B}.Release|Any CPU.ActiveCfg = Release|Any CPU
		{8EEB2883-C101-4F70-913E-3662E012990B}.Release|Any CPU.Build.0 = Release|Any CPU
		{E5B78670-461F-4CB9-B3DA-A8C7AD932875}.Debug|Any CPU.ActiveCfg = Debug|Any CPU
		{E5B78670-461F-4CB9-B3DA-A8C7AD932875}.Debug|Any CPU.Build.0 = Debug|Any CPU
		{E5B78670-461F-4CB9-B3DA-A8C7AD932875}.Release|Any CPU.ActiveCfg = Release|Any CPU
		{E5B78670-461F-4CB9-B3DA-A8C7AD932875}.Release|Any CPU.Build.0 = Release|Any CPU
		{A51DF7C8-136C-404A-909F-4E4C6159C72E}.Debug|Any CPU.ActiveCfg = Debug|Any CPU
		{A51DF7C8-136C-404A-909F-4E4C6159C72E}.Debug|Any CPU.Build.0 = Debug|Any CPU
		{A51DF7C8-136C-404A-909F-4E4C6159C72E}.Release|Any CPU.ActiveCfg = Release|Any CPU
		{A51DF7C8-136C-404A-909F-4E4C6159C72E}.Release|Any CPU.Build.0 = Release|Any CPU
		{C4437DC1-6D23-4E06-8E1D-161463BAD6D9}.Debug|Any CPU.ActiveCfg = Debug|Any CPU
		{C4437DC1-6D23-4E06-8E1D-161463BAD6D9}.Debug|Any CPU.Build.0 = Debug|Any CPU
		{C4437DC1-6D23-4E06-8E1D-161463BAD6D9}.Release|Any CPU.ActiveCfg = Release|Any CPU
		{C4437DC1-6D23-4E06-8E1D-161463BAD6D9}.Release|Any CPU.Build.0 = Release|Any CPU
	EndGlobalSection
	GlobalSection(SolutionProperties) = preSolution
		HideSolutionNode = FALSE
	EndGlobalSection
	GlobalSection(ExtensibilityGlobals) = postSolution
		SolutionGuid = {6C0CA37B-507D-48D5-BE7D-CF16B28F11EF}
	EndGlobalSection
EndGlobal
